
Microsoft Visual Studio Solution File, Format Version 12.00
# Visual Studio 2013
VisualStudioVersion = 12.0.31101.0
MinimumVisualStudioVersion = 10.0.40219.1
Project("{FAE04EC0-301F-11D3-BF4B-00C04F79EFBC}") = "RunAsClient.Core", "RunAsClient.Core\RunAsClient.Core.csproj", "{1C1483A0-D648-44B9-896F-060DABF925CA}"
EndProject
Project("{2150E333-8FDC-42A3-9474-1A3956D46DE8}") = "nuspec", "nuspec", "{5B1486EC-6BB7-4E33-A512-BF0B65226359}"
	ProjectSection(SolutionItems) = preProject
		..\nuspec\RunAsClient.Core.nuspec = ..\nuspec\RunAsClient.Core.nuspec
	EndProjectSection
EndProject
Project("{2150E333-8FDC-42A3-9474-1A3956D46DE8}") = "Build", "Build", "{366A3BA3-5541-40BF-A540-21FC1028281C}"
	ProjectSection(SolutionItems) = preProject
		..\build.cake = ..\build.cake
		..\build.ps1 = ..\build.ps1
	EndProjectSection
EndProject
Project("{FAE04EC0-301F-11D3-BF4B-00C04F79EFBC}") = "RunAsClient", "RunAsClient\RunAsClient.csproj", "{D61A1F8A-6A93-4980-9E63-0ECC26BE625A}"
EndProject
Global
	GlobalSection(SolutionConfigurationPlatforms) = preSolution
		Debug|Any CPU = Debug|Any CPU
		Release|Any CPU = Release|Any CPU
	EndGlobalSection
	GlobalSection(ProjectConfigurationPlatforms) = postSolution
		{1C1483A0-D648-44B9-896F-060DABF925CA}.Debug|Any CPU.ActiveCfg = Debug|Any CPU
		{1C1483A0-D648-44B9-896F-060DABF925CA}.Debug|Any CPU.Build.0 = Debug|Any CPU
		{1C1483A0-D648-44B9-896F-060DABF925CA}.Release|Any CPU.ActiveCfg = Release|Any CPU
		{1C1483A0-D648-44B9-896F-060DABF925CA}.Release|Any CPU.Build.0 = Release|Any CPU
		{D61A1F8A-6A93-4980-9E63-0ECC26BE625A}.Debug|Any CPU.ActiveCfg = Debug|Any CPU
		{D61A1F8A-6A93-4980-9E63-0ECC26BE625A}.Debug|Any CPU.Build.0 = Debug|Any CPU
		{D61A1F8A-6A93-4980-9E63-0ECC26BE625A}.Release|Any CPU.ActiveCfg = Release|Any CPU
		{D61A1F8A-6A93-4980-9E63-0ECC26BE625A}.Release|Any CPU.Build.0 = Release|Any CPU
	EndGlobalSection
	GlobalSection(SolutionProperties) = preSolution
		HideSolutionNode = FALSE
	EndGlobalSection
	GlobalSection(NestedProjects) = preSolution
		{5B1486EC-6BB7-4E33-A512-BF0B65226359} = {366A3BA3-5541-40BF-A540-21FC1028281C}
	EndGlobalSection
EndGlobal
